
Microsoft Visual Studio Solution File, Format Version 12.00
# Visual Studio Version 16
VisualStudioVersion = 16.0.30114.105
MinimumVisualStudioVersion = 10.0.40219.1
Project("{FAE04EC0-301F-11D3-BF4B-00C04F79EFBC}") = "API", "API\API.csproj", "{969A67A6-A441-4203-AE71-E946ACE9A97B}"
EndProject
Project("{FAE04EC0-301F-11D3-BF4B-00C04F79EFBC}") = "Core", "Core\Core.csproj", "{81C2A774-E937-46F5-805D-1D6CD404C323}"
EndProject
Project("{FAE04EC0-301F-11D3-BF4B-00C04F79EFBC}") = "Infrastructure", "Infrastructure\Infrastructure.csproj", "{3940D895-F3B3-4E7E-8110-C2E6194EAAF5}"
EndProject
Global
	GlobalSection(SolutionConfigurationPlatforms) = preSolution
		Debug|Any CPU = Debug|Any CPU
		Debug|x64 = Debug|x64
		Debug|x86 = Debug|x86
		Release|Any CPU = Release|Any CPU
		Release|x64 = Release|x64
		Release|x86 = Release|x86
	EndGlobalSection
	GlobalSection(SolutionProperties) = preSolution
		HideSolutionNode = FALSE
	EndGlobalSection
	GlobalSection(ProjectConfigurationPlatforms) = postSolution
		{969A67A6-A441-4203-AE71-E946ACE9A97B}.Debug|Any CPU.ActiveCfg = Debug|Any CPU
		{969A67A6-A441-4203-AE71-E946ACE9A97B}.Debug|Any CPU.Build.0 = Debug|Any CPU
		{969A67A6-A441-4203-AE71-E946ACE9A97B}.Debug|x64.ActiveCfg = Debug|Any CPU
		{969A67A6-A441-4203-AE71-E946ACE9A97B}.Debug|x64.Build.0 = Debug|Any CPU
		{969A67A6-A441-4203-AE71-E946ACE9A97B}.Debug|x86.ActiveCfg = Debug|Any CPU
		{969A67A6-A441-4203-AE71-E946ACE9A97B}.Debug|x86.Build.0 = Debug|Any CPU
		{969A67A6-A441-4203-AE71-E946ACE9A97B}.Release|Any CPU.ActiveCfg = Release|Any CPU
		{969A67A6-A441-4203-AE71-E946ACE9A97B}.Release|Any CPU.Build.0 = Release|Any CPU
		{969A67A6-A441-4203-AE71-E946ACE9A97B}.Release|x64.ActiveCfg = Release|Any CPU
		{969A67A6-A441-4203-AE71-E946ACE9A97B}.Release|x64.Build.0 = Release|Any CPU
		{969A67A6-A441-4203-AE71-E946ACE9A97B}.Release|x86.ActiveCfg = Release|Any CPU
		{969A67A6-A441-4203-AE71-E946ACE9A97B}.Release|x86.Build.0 = Release|Any CPU
		{81C2A774-E937-46F5-805D-1D6CD404C323}.Debug|Any CPU.ActiveCfg = Debug|Any CPU
		{81C2A774-E937-46F5-805D-1D6CD404C323}.Debug|Any CPU.Build.0 = Debug|Any CPU
		{81C2A774-E937-46F5-805D-1D6CD404C323}.Debug|x64.ActiveCfg = Debug|Any CPU
		{81C2A774-E937-46F5-805D-1D6CD404C323}.Debug|x64.Build.0 = Debug|Any CPU
		{81C2A774-E937-46F5-805D-1D6CD404C323}.Debug|x86.ActiveCfg = Debug|Any CPU
		{81C2A774-E937-46F5-805D-1D6CD404C323}.Debug|x86.Build.0 = Debug|Any CPU
		{81C2A774-E937-46F5-805D-1D6CD404C323}.Release|Any CPU.ActiveCfg = Release|Any CPU
		{81C2A774-E937-46F5-805D-1D6CD404C323}.Release|Any CPU.Build.0 = Release|Any CPU
		{81C2A774-E937-46F5-805D-1D6CD404C323}.Release|x64.ActiveCfg = Release|Any CPU
		{81C2A774-E937-46F5-805D-1D6CD404C323}.Release|x64.Build.0 = Release|Any CPU
		{81C2A774-E937-46F5-805D-1D6CD404C323}.Release|x86.ActiveCfg = Release|Any CPU
		{81C2A774-E937-46F5-805D-1D6CD404C323}.Release|x86.Build.0 = Release|Any CPU
		{3940D895-F3B3-4E7E-8110-C2E6194EAAF5}.Debug|Any CPU.ActiveCfg = Debug|Any CPU
		{3940D895-F3B3-4E7E-8110-C2E6194EAAF5}.Debug|Any CPU.Build.0 = Debug|Any CPU
		{3940D895-F3B3-4E7E-8110-C2E6194EAAF5}.Debug|x64.ActiveCfg = Debug|Any CPU
		{3940D895-F3B3-4E7E-8110-C2E6194EAAF5}.Debug|x64.Build.0 = Debug|Any CPU
		{3940D895-F3B3-4E7E-8110-C2E6194EAAF5}.Debug|x86.ActiveCfg = Debug|Any CPU
		{3940D895-F3B3-4E7E-8110-C2E6194EAAF5}.Debug|x86.Build.0 = Debug|Any CPU
		{3940D895-F3B3-4E7E-8110-C2E6194EAAF5}.Release|Any CPU.ActiveCfg = Release|Any CPU
		{3940D895-F3B3-4E7E-8110-C2E6194EAAF5}.Release|Any CPU.Build.0 = Release|Any CPU
		{3940D895-F3B3-4E7E-8110-C2E6194EAAF5}.Release|x64.ActiveCfg = Release|Any CPU
		{3940D895-F3B3-4E7E-8110-C2E6194EAAF5}.Release|x64.Build.0 = Release|Any CPU
		{3940D895-F3B3-4E7E-8110-C2E6194EAAF5}.Release|x86.ActiveCfg = Release|Any CPU
		{3940D895-F3B3-4E7E-8110-C2E6194EAAF5}.Release|x86.Build.0 = Release|Any CPU
	EndGlobalSection
EndGlobal
